// !$*UTF8*$!
{
	archiveVersion = 1;
	classes = {
	};
	objectVersion = 56;
	objects = {

/* Begin PBXBuildFile section */
		ED139086294A615C0077D852 /* EstoqueAppApp.swift in Sources */ = {isa = PBXBuildFile; fileRef = ED139085294A615C0077D852 /* EstoqueAppApp.swift */; };
		ED139088294A615C0077D852 /* ContentView.swift in Sources */ = {isa = PBXBuildFile; fileRef = ED139087294A615C0077D852 /* ContentView.swift */; };
		ED13908A294A615E0077D852 /* Assets.xcassets in Resources */ = {isa = PBXBuildFile; fileRef = ED139089294A615E0077D852 /* Assets.xcassets */; };
		ED13908D294A615E0077D852 /* Preview Assets.xcassets in Resources */ = {isa = PBXBuildFile; fileRef = ED13908C294A615E0077D852 /* Preview Assets.xcassets */; };
		ED139095294A61980077D852 /* Product.swift in Sources */ = {isa = PBXBuildFile; fileRef = ED139094294A61980077D852 /* Product.swift */; };
		ED139098294A626D0077D852 /* ProductViewModel.swift in Sources */ = {isa = PBXBuildFile; fileRef = ED139097294A626D0077D852 /* ProductViewModel.swift */; };
		ED13909B294A93D50077D852 /* ProductListView.swift in Sources */ = {isa = PBXBuildFile; fileRef = ED13909A294A93D50077D852 /* ProductListView.swift */; };
		EDD040B1295D1DC700B425C3 /* Store.swift in Sources */ = {isa = PBXBuildFile; fileRef = EDD040B0295D1DC700B425C3 /* Store.swift */; };
		EDD040B3295D1E7600B425C3 /* ProductListScreen.swift in Sources */ = {isa = PBXBuildFile; fileRef = EDD040B2295D1E7600B425C3 /* ProductListScreen.swift */; };
		EDD040B5295DD25400B425C3 /* AddProductViewModel.swift in Sources */ = {isa = PBXBuildFile; fileRef = EDD040B4295DD25400B425C3 /* AddProductViewModel.swift */; };
		EDD040B8295DD82500B425C3 /* View+Extensions.swift in Sources */ = {isa = PBXBuildFile; fileRef = EDD040B7295DD82500B425C3 /* View+Extensions.swift */; };
		EDE1E60029501335008C786F /* ProductCell.swift in Sources */ = {isa = PBXBuildFile; fileRef = EDE1E5FF29501335008C786F /* ProductCell.swift */; };
		EDE1E6032950A930008C786F /* AddProductScreen.swift in Sources */ = {isa = PBXBuildFile; fileRef = EDE1E6022950A930008C786F /* AddProductScreen.swift */; };
/* End PBXBuildFile section */

/* Begin PBXFileReference section */
		ED139082294A615C0077D852 /* EstoqueApp.app */ = {isa = PBXFileReference; explicitFileType = wrapper.application; includeInIndex = 0; path = EstoqueApp.app; sourceTree = BUILT_PRODUCTS_DIR; };
		ED139085294A615C0077D852 /* EstoqueAppApp.swift */ = {isa = PBXFileReference; lastKnownFileType = sourcecode.swift; path = EstoqueAppApp.swift; sourceTree = "<group>"; };
		ED139087294A615C0077D852 /* ContentView.swift */ = {isa = PBXFileReference; lastKnownFileType = sourcecode.swift; path = ContentView.swift; sourceTree = "<group>"; };
		ED139089294A615E0077D852 /* Assets.xcassets */ = {isa = PBXFileReference; lastKnownFileType = folder.assetcatalog; path = Assets.xcassets; sourceTree = "<group>"; };
		ED13908C294A615E0077D852 /* Preview Assets.xcassets */ = {isa = PBXFileReference; lastKnownFileType = folder.assetcatalog; path = "Preview Assets.xcassets"; sourceTree = "<group>"; };
		ED139094294A61980077D852 /* Product.swift */ = {isa = PBXFileReference; lastKnownFileType = sourcecode.swift; path = Product.swift; sourceTree = "<group>"; };
		ED139097294A626D0077D852 /* ProductViewModel.swift */ = {isa = PBXFileReference; lastKnownFileType = sourcecode.swift; path = ProductViewModel.swift; sourceTree = "<group>"; };
		ED13909A294A93D50077D852 /* ProductListView.swift */ = {isa = PBXFileReference; lastKnownFileType = sourcecode.swift; path = ProductListView.swift; sourceTree = "<group>"; };
		EDD040B0295D1DC700B425C3 /* Store.swift */ = {isa = PBXFileReference; lastKnownFileType = sourcecode.swift; path = Store.swift; sourceTree = "<group>"; };
		EDD040B2295D1E7600B425C3 /* ProductListScreen.swift */ = {isa = PBXFileReference; lastKnownFileType = sourcecode.swift; path = ProductListScreen.swift; sourceTree = "<group>"; };
		EDD040B4295DD25400B425C3 /* AddProductViewModel.swift */ = {isa = PBXFileReference; lastKnownFileType = sourcecode.swift; path = AddProductViewModel.swift; sourceTree = "<group>"; };
		EDD040B7295DD82500B425C3 /* View+Extensions.swift */ = {isa = PBXFileReference; lastKnownFileType = sourcecode.swift; path = "View+Extensions.swift"; sourceTree = "<group>"; };
		EDE1E5FF29501335008C786F /* ProductCell.swift */ = {isa = PBXFileReference; lastKnownFileType = sourcecode.swift; path = ProductCell.swift; sourceTree = "<group>"; };
		EDE1E6022950A930008C786F /* AddProductScreen.swift */ = {isa = PBXFileReference; lastKnownFileType = sourcecode.swift; path = AddProductScreen.swift; sourceTree = "<group>"; };
/* End PBXFileReference section */

/* Begin PBXFrameworksBuildPhase section */
		ED13907F294A615C0077D852 /* Frameworks */ = {
			isa = PBXFrameworksBuildPhase;
			buildActionMask = 2147483647;
			files = (
			);
			runOnlyForDeploymentPostprocessing = 0;
		};
/* End PBXFrameworksBuildPhase section */

/* Begin PBXGroup section */
		ED139079294A615C0077D852 = {
			isa = PBXGroup;
			children = (
				ED139084294A615C0077D852 /* EstoqueApp */,
				ED139083294A615C0077D852 /* Products */,
			);
			sourceTree = "<group>";
		};
		ED139083294A615C0077D852 /* Products */ = {
			isa = PBXGroup;
			children = (
				ED139082294A615C0077D852 /* EstoqueApp.app */,
			);
			name = Products;
			sourceTree = "<group>";
		};
		ED139084294A615C0077D852 /* EstoqueApp */ = {
			isa = PBXGroup;
			children = (
				EDD040B6295DD80E00B425C3 /* Extensions */,
				EDD040AF295D1DB500B425C3 /* Global State */,
				ED139093294A61820077D852 /* Models */,
				ED139096294A62540077D852 /* ViewModels */,
				ED139099294A93C20077D852 /* Views */,
				EDE1E6012950A8FA008C786F /* Screen */,
				ED139085294A615C0077D852 /* EstoqueAppApp.swift */,
				ED139087294A615C0077D852 /* ContentView.swift */,
				ED139089294A615E0077D852 /* Assets.xcassets */,
				ED13908B294A615E0077D852 /* Preview Content */,
			);
			path = EstoqueApp;
			sourceTree = "<group>";
		};
		ED13908B294A615E0077D852 /* Preview Content */ = {
			isa = PBXGroup;
			children = (
				ED13908C294A615E0077D852 /* Preview Assets.xcassets */,
			);
			path = "Preview Content";
			sourceTree = "<group>";
		};
		ED139093294A61820077D852 /* Models */ = {
			isa = PBXGroup;
			children = (
				ED139094294A61980077D852 /* Product.swift */,
			);
			path = Models;
			sourceTree = "<group>";
		};
		ED139096294A62540077D852 /* ViewModels */ = {
			isa = PBXGroup;
			children = (
				ED139097294A626D0077D852 /* ProductViewModel.swift */,
				EDD040B4295DD25400B425C3 /* AddProductViewModel.swift */,
			);
			path = ViewModels;
			sourceTree = "<group>";
		};
		ED139099294A93C20077D852 /* Views */ = {
			isa = PBXGroup;
			children = (
				ED13909A294A93D50077D852 /* ProductListView.swift */,
				EDE1E5FF29501335008C786F /* ProductCell.swift */,
			);
			path = Views;
			sourceTree = "<group>";
		};
		EDD040AF295D1DB500B425C3 /* Global State */ = {
			isa = PBXGroup;
			children = (
				EDD040B0295D1DC700B425C3 /* Store.swift */,
			);
			path = "Global State";
			sourceTree = "<group>";
		};
		EDD040B6295DD80E00B425C3 /* Extensions */ = {
			isa = PBXGroup;
			children = (
				EDD040B7295DD82500B425C3 /* View+Extensions.swift */,
			);
			path = Extensions;
			sourceTree = "<group>";
		};
		EDE1E6012950A8FA008C786F /* Screen */ = {
			isa = PBXGroup;
			children = (
				EDE1E6022950A930008C786F /* AddProductScreen.swift */,
				EDD040B2295D1E7600B425C3 /* ProductListScreen.swift */,
			);
			path = Screen;
			sourceTree = "<group>";
		};
/* End PBXGroup section */

/* Begin PBXNativeTarget section */
		ED139081294A615C0077D852 /* EstoqueApp */ = {
			isa = PBXNativeTarget;
			buildConfigurationList = ED139090294A615E0077D852 /* Build configuration list for PBXNativeTarget "EstoqueApp" */;
			buildPhases = (
				ED13907E294A615C0077D852 /* Sources */,
				ED13907F294A615C0077D852 /* Frameworks */,
				ED139080294A615C0077D852 /* Resources */,
			);
			buildRules = (
			);
			dependencies = (
			);
			name = EstoqueApp;
			productName = EstoqueApp;
			productReference = ED139082294A615C0077D852 /* EstoqueApp.app */;
			productType = "com.apple.product-type.application";
		};
/* End PBXNativeTarget section */

/* Begin PBXProject section */
		ED13907A294A615C0077D852 /* Project object */ = {
			isa = PBXProject;
			attributes = {
				BuildIndependentTargetsInParallel = 1;
				LastSwiftUpdateCheck = 1410;
				LastUpgradeCheck = 1410;
				TargetAttributes = {
					ED139081294A615C0077D852 = {
						CreatedOnToolsVersion = 14.1;
					};
				};
			};
			buildConfigurationList = ED13907D294A615C0077D852 /* Build configuration list for PBXProject "EstoqueApp" */;
			compatibilityVersion = "Xcode 14.0";
			developmentRegion = en;
			hasScannedForEncodings = 0;
			knownRegions = (
				en,
				Base,
			);
			mainGroup = ED139079294A615C0077D852;
			productRefGroup = ED139083294A615C0077D852 /* Products */;
			projectDirPath = "";
			projectRoot = "";
			targets = (
				ED139081294A615C0077D852 /* EstoqueApp */,
			);
		};
/* End PBXProject section */

/* Begin PBXResourcesBuildPhase section */
		ED139080294A615C0077D852 /* Resources */ = {
			isa = PBXResourcesBuildPhase;
			buildActionMask = 2147483647;
			files = (
				ED13908D294A615E0077D852 /* Preview Assets.xcassets in Resources */,
				ED13908A294A615E0077D852 /* Assets.xcassets in Resources */,
			);
			runOnlyForDeploymentPostprocessing = 0;
		};
/* End PBXResourcesBuildPhase section */

/* Begin PBXSourcesBuildPhase section */
		ED13907E294A615C0077D852 /* Sources */ = {
			isa = PBXSourcesBuildPhase;
			buildActionMask = 2147483647;
			files = (
				ED139088294A615C0077D852 /* ContentView.swift in Sources */,
				ED139086294A615C0077D852 /* EstoqueAppApp.swift in Sources */,
				EDD040B8295DD82500B425C3 /* View+Extensions.swift in Sources */,
				ED139098294A626D0077D852 /* ProductViewModel.swift in Sources */,
				EDD040B1295D1DC700B425C3 /* Store.swift in Sources */,
				EDD040B3295D1E7600B425C3 /* ProductListScreen.swift in Sources */,
				EDE1E60029501335008C786F /* ProductCell.swift in Sources */,
				EDE1E6032950A930008C786F /* AddProductScreen.swift in Sources */,
				ED139095294A61980077D852 /* Product.swift in Sources */,
				EDD040B5295DD25400B425C3 /* AddProductViewModel.swift in Sources */,
				ED13909B294A93D50077D852 /* ProductListView.swift in Sources */,
			);
			runOnlyForDeploymentPostprocessing = 0;
		};
/* End PBXSourcesBuildPhase section */

/* Begin XCBuildConfiguration section */
		ED13908E294A615E0077D852 /* Debug */ = {
			isa = XCBuildConfiguration;
			buildSettings = {
				ALWAYS_SEARCH_USER_PATHS = NO;
				CLANG_ANALYZER_NONNULL = YES;
				CLANG_ANALYZER_NUMBER_OBJECT_CONVERSION = YES_AGGRESSIVE;
				CLANG_CXX_LANGUAGE_STANDARD = "gnu++20";
				CLANG_ENABLE_MODULES = YES;
				CLANG_ENABLE_OBJC_ARC = YES;
				CLANG_ENABLE_OBJC_WEAK = YES;
				CLANG_WARN_BLOCK_CAPTURE_AUTORELEASING = YES;
				CLANG_WARN_BOOL_CONVERSION = YES;
				CLANG_WARN_COMMA = YES;
				CLANG_WARN_CONSTANT_CONVERSION = YES;
				CLANG_WARN_DEPRECATED_OBJC_IMPLEMENTATIONS = YES;
				CLANG_WARN_DIRECT_OBJC_ISA_USAGE = YES_ERROR;
				CLANG_WARN_DOCUMENTATION_COMMENTS = YES;
				CLANG_WARN_EMPTY_BODY = YES;
				CLANG_WARN_ENUM_CONVERSION = YES;
				CLANG_WARN_INFINITE_RECURSION = YES;
				CLANG_WARN_INT_CONVERSION = YES;
				CLANG_WARN_NON_LITERAL_NULL_CONVERSION = YES;
				CLANG_WARN_OBJC_IMPLICIT_RETAIN_SELF = YES;
				CLANG_WARN_OBJC_LITERAL_CONVERSION = YES;
				CLANG_WARN_OBJC_ROOT_CLASS = YES_ERROR;
				CLANG_WARN_QUOTED_INCLUDE_IN_FRAMEWORK_HEADER = YES;
				CLANG_WARN_RANGE_LOOP_ANALYSIS = YES;
				CLANG_WARN_STRICT_PROTOTYPES = YES;
				CLANG_WARN_SUSPICIOUS_MOVE = YES;
				CLANG_WARN_UNGUARDED_AVAILABILITY = YES_AGGRESSIVE;
				CLANG_WARN_UNREACHABLE_CODE = YES;
				CLANG_WARN__DUPLICATE_METHOD_MATCH = YES;
				COPY_PHASE_STRIP = NO;
				DEBUG_INFORMATION_FORMAT = dwarf;
				ENABLE_STRICT_OBJC_MSGSEND = YES;
				ENABLE_TESTABILITY = YES;
				GCC_C_LANGUAGE_STANDARD = gnu11;
				GCC_DYNAMIC_NO_PIC = NO;
				GCC_NO_COMMON_BLOCKS = YES;
				GCC_OPTIMIZATION_LEVEL = 0;
				GCC_PREPROCESSOR_DEFINITIONS = (
					"DEBUG=1",
					"$(inherited)",
				);
				GCC_WARN_64_TO_32_BIT_CONVERSION = YES;
				GCC_WARN_ABOUT_RETURN_TYPE = YES_ERROR;
				GCC_WARN_UNDECLARED_SELECTOR = YES;
				GCC_WARN_UNINITIALIZED_AUTOS = YES_AGGRESSIVE;
				GCC_WARN_UNUSED_FUNCTION = YES;
				GCC_WARN_UNUSED_VARIABLE = YES;
				IPHONEOS_DEPLOYMENT_TARGET = 16.1;
				MTL_ENABLE_DEBUG_INFO = INCLUDE_SOURCE;
				MTL_FAST_MATH = YES;
				ONLY_ACTIVE_ARCH = YES;
				SDKROOT = iphoneos;
				SWIFT_ACTIVE_COMPILATION_CONDITIONS = DEBUG;
				SWIFT_OPTIMIZATION_LEVEL = "-Onone";
			};
			name = Debug;
		};
		ED13908F294A615E0077D852 /* Release */ = {
			isa = XCBuildConfiguration;
			buildSettings = {
				ALWAYS_SEARCH_USER_PATHS = NO;
				CLANG_ANALYZER_NONNULL = YES;
				CLANG_ANALYZER_NUMBER_OBJECT_CONVERSION = YES_AGGRESSIVE;
				CLANG_CXX_LANGUAGE_STANDARD = "gnu++20";
				CLANG_ENABLE_MODULES = YES;
				CLANG_ENABLE_OBJC_ARC = YES;
				CLANG_ENABLE_OBJC_WEAK = YES;
				CLANG_WARN_BLOCK_CAPTURE_AUTORELEASING = YES;
				CLANG_WARN_BOOL_CONVERSION = YES;
				CLANG_WARN_COMMA = YES;
				CLANG_WARN_CONSTANT_CONVERSION = YES;
				CLANG_WARN_DEPRECATED_OBJC_IMPLEMENTATIONS = YES;
				CLANG_WARN_DIRECT_OBJC_ISA_USAGE = YES_ERROR;
				CLANG_WARN_DOCUMENTATION_COMMENTS = YES;
				CLANG_WARN_EMPTY_BODY = YES;
				CLANG_WARN_ENUM_CONVERSION = YES;
				CLANG_WARN_INFINITE_RECURSION = YES;
				CLANG_WARN_INT_CONVERSION = YES;
				CLANG_WARN_NON_LITERAL_NULL_CONVERSION = YES;
				CLANG_WARN_OBJC_IMPLICIT_RETAIN_SELF = YES;
				CLANG_WARN_OBJC_LITERAL_CONVERSION = YES;
				CLANG_WARN_OBJC_ROOT_CLASS = YES_ERROR;
				CLANG_WARN_QUOTED_INCLUDE_IN_FRAMEWORK_HEADER = YES;
				CLANG_WARN_RANGE_LOOP_ANALYSIS = YES;
				CLANG_WARN_STRICT_PROTOTYPES = YES;
				CLANG_WARN_SUSPICIOUS_MOVE = YES;
				CLANG_WARN_UNGUARDED_AVAILABILITY = YES_AGGRESSIVE;
				CLANG_WARN_UNREACHABLE_CODE = YES;
				CLANG_WARN__DUPLICATE_METHOD_MATCH = YES;
				COPY_PHASE_STRIP = NO;
				DEBUG_INFORMATION_FORMAT = "dwarf-with-dsym";
				ENABLE_NS_ASSERTIONS = NO;
				ENABLE_STRICT_OBJC_MSGSEND = YES;
				GCC_C_LANGUAGE_STANDARD = gnu11;
				GCC_NO_COMMON_BLOCKS = YES;
				GCC_WARN_64_TO_32_BIT_CONVERSION = YES;
				GCC_WARN_ABOUT_RETURN_TYPE = YES_ERROR;
				GCC_WARN_UNDECLARED_SELECTOR = YES;
				GCC_WARN_UNINITIALIZED_AUTOS = YES_AGGRESSIVE;
				GCC_WARN_UNUSED_FUNCTION = YES;
				GCC_WARN_UNUSED_VARIABLE = YES;
				IPHONEOS_DEPLOYMENT_TARGET = 16.1;
				MTL_ENABLE_DEBUG_INFO = NO;
				MTL_FAST_MATH = YES;
				SDKROOT = iphoneos;
				SWIFT_COMPILATION_MODE = wholemodule;
				SWIFT_OPTIMIZATION_LEVEL = "-O";
				VALIDATE_PRODUCT = YES;
			};
			name = Release;
		};
		ED139091294A615E0077D852 /* Debug */ = {
			isa = XCBuildConfiguration;
			buildSettings = {
				ASSETCATALOG_COMPILER_APPICON_NAME = AppIcon;
				ASSETCATALOG_COMPILER_GLOBAL_ACCENT_COLOR_NAME = AccentColor;
				CODE_SIGN_STYLE = Automatic;
				CURRENT_PROJECT_VERSION = 1;
				DEVELOPMENT_ASSET_PATHS = "\"EstoqueApp/Preview Content\"";
				DEVELOPMENT_TEAM = 3945C3P68V;
				ENABLE_PREVIEWS = YES;
				GENERATE_INFOPLIST_FILE = YES;
				INFOPLIST_KEY_UIApplicationSceneManifest_Generation = YES;
				INFOPLIST_KEY_UIApplicationSupportsIndirectInputEvents = YES;
				INFOPLIST_KEY_UILaunchScreen_Generation = YES;
				INFOPLIST_KEY_UISupportedInterfaceOrientations_iPad = "UIInterfaceOrientationPortrait UIInterfaceOrientationPortraitUpsideDown UIInterfaceOrientationLandscapeLeft UIInterfaceOrientationLandscapeRight";
				INFOPLIST_KEY_UISupportedInterfaceOrientations_iPhone = "UIInterfaceOrientationPortrait UIInterfaceOrientationLandscapeLeft UIInterfaceOrientationLandscapeRight";
				LD_RUNPATH_SEARCH_PATHS = (
					"$(inherited)",
					"@executable_path/Frameworks",
				);
				MARKETING_VERSION = 1.0;
				PRODUCT_BUNDLE_IDENTIFIER = ordozgoite.EstoqueApp;
				PRODUCT_NAME = "$(TARGET_NAME)";
				SWIFT_EMIT_LOC_STRINGS = YES;
				SWIFT_VERSION = 5.0;
				TARGETED_DEVICE_FAMILY = "1,2";
			};
			name = Debug;
		};
		ED139092294A615E0077D852 /* Release */ = {
			isa = XCBuildConfiguration;
			buildSettings = {
				ASSETCATALOG_COMPILER_APPICON_NAME = AppIcon;
				ASSETCATALOG_COMPILER_GLOBAL_ACCENT_COLOR_NAME = AccentColor;
				CODE_SIGN_STYLE = Automatic;
				CURRENT_PROJECT_VERSION = 1;
				DEVELOPMENT_ASSET_PATHS = "\"EstoqueApp/Preview Content\"";
				DEVELOPMENT_TEAM = 3945C3P68V;
				ENABLE_PREVIEWS = YES;
				GENERATE_INFOPLIST_FILE = YES;
				INFOPLIST_KEY_UIApplicationSceneManifest_Generation = YES;
				INFOPLIST_KEY_UIApplicationSupportsIndirectInputEvents = YES;
				INFOPLIST_KEY_UILaunchScreen_Generation = YES;
				INFOPLIST_KEY_UISupportedInterfaceOrientations_iPad = "UIInterfaceOrientationPortrait UIInterfaceOrientationPortraitUpsideDown UIInterfaceOrientationLandscapeLeft UIInterfaceOrientationLandscapeRight";
				INFOPLIST_KEY_UISupportedInterfaceOrientations_iPhone = "UIInterfaceOrientationPortrait UIInterfaceOrientationLandscapeLeft UIInterfaceOrientationLandscapeRight";
				LD_RUNPATH_SEARCH_PATHS = (
					"$(inherited)",
					"@executable_path/Frameworks",
				);
				MARKETING_VERSION = 1.0;
				PRODUCT_BUNDLE_IDENTIFIER = ordozgoite.EstoqueApp;
				PRODUCT_NAME = "$(TARGET_NAME)";
				SWIFT_EMIT_LOC_STRINGS = YES;
				SWIFT_VERSION = 5.0;
				TARGETED_DEVICE_FAMILY = "1,2";
			};
			name = Release;
		};
/* End XCBuildConfiguration section */

/* Begin XCConfigurationList section */
		ED13907D294A615C0077D852 /* Build configuration list for PBXProject "EstoqueApp" */ = {
			isa = XCConfigurationList;
			buildConfigurations = (
				ED13908E294A615E0077D852 /* Debug */,
				ED13908F294A615E0077D852 /* Release */,
			);
			defaultConfigurationIsVisible = 0;
			defaultConfigurationName = Release;
		};
		ED139090294A615E0077D852 /* Build configuration list for PBXNativeTarget "EstoqueApp" */ = {
			isa = XCConfigurationList;
			buildConfigurations = (
				ED139091294A615E0077D852 /* Debug */,
				ED139092294A615E0077D852 /* Release */,
			);
			defaultConfigurationIsVisible = 0;
			defaultConfigurationName = Release;
		};
/* End XCConfigurationList section */
	};
	rootObject = ED13907A294A615C0077D852 /* Project object */;
}
